
Microsoft Visual Studio Solution File, Format Version 12.00
# Visual Studio 14
VisualStudioVersion = 14.0.24720.0
MinimumVisualStudioVersion = 10.0.40219.1
Project("{FAE04EC0-301F-11D3-BF4B-00C04F79EFBC}") = "ssdumpGUI", "ssdumpGUI\ssdumpGUI.csproj", "{68748D7F-9CCA-49E0-99DF-DCBE1A2F0902}"
	ProjectSection(ProjectDependencies) = postProject
		{DBA5D1B8-A824-4BAB-BB19-52E5789C84DA} = {DBA5D1B8-A824-4BAB-BB19-52E5789C84DA}
	EndProjectSection
EndProject
Project("{FAE04EC0-301F-11D3-BF4B-00C04F79EFBC}") = "ssdumpLibrary", "ssdumpLibrary\ssdumpLibrary.csproj", "{DBA5D1B8-A824-4BAB-BB19-52E5789C84DA}"
EndProject
Project("{FAE04EC0-301F-11D3-BF4B-00C04F79EFBC}") = "ssdumpConsole", "ssdumpConsole\ssdumpConsole.csproj", "{95315F55-39EF-4832-8FCC-8D09B83224E2}"
	ProjectSection(ProjectDependencies) = postProject
		{DBA5D1B8-A824-4BAB-BB19-52E5789C84DA} = {DBA5D1B8-A824-4BAB-BB19-52E5789C84DA}
	EndProjectSection
EndProject
Global
	GlobalSection(SolutionConfigurationPlatforms) = preSolution
		Debug|Any CPU = Debug|Any CPU
		Release|Any CPU = Release|Any CPU
	EndGlobalSection
	GlobalSection(ProjectConfigurationPlatforms) = postSolution
		{68748D7F-9CCA-49E0-99DF-DCBE1A2F0902}.Debug|Any CPU.ActiveCfg = Debug|Any CPU
		{68748D7F-9CCA-49E0-99DF-DCBE1A2F0902}.Debug|Any CPU.Build.0 = Debug|Any CPU
		{68748D7F-9CCA-49E0-99DF-DCBE1A2F0902}.Release|Any CPU.ActiveCfg = Release|Any CPU
		{68748D7F-9CCA-49E0-99DF-DCBE1A2F0902}.Release|Any CPU.Build.0 = Release|Any CPU
		{DBA5D1B8-A824-4BAB-BB19-52E5789C84DA}.Debug|Any CPU.ActiveCfg = Debug|Any CPU
		{DBA5D1B8-A824-4BAB-BB19-52E5789C84DA}.Debug|Any CPU.Build.0 = Debug|Any CPU
		{DBA5D1B8-A824-4BAB-BB19-52E5789C84DA}.Release|Any CPU.ActiveCfg = Release|Any CPU
		{DBA5D1B8-A824-4BAB-BB19-52E5789C84DA}.Release|Any CPU.Build.0 = Release|Any CPU
		{95315F55-39EF-4832-8FCC-8D09B83224E2}.Debug|Any CPU.ActiveCfg = Debug|Any CPU
		{95315F55-39EF-4832-8FCC-8D09B83224E2}.Debug|Any CPU.Build.0 = Debug|Any CPU
		{95315F55-39EF-4832-8FCC-8D09B83224E2}.Release|Any CPU.ActiveCfg = Release|Any CPU
		{95315F55-39EF-4832-8FCC-8D09B83224E2}.Release|Any CPU.Build.0 = Release|Any CPU
	EndGlobalSection
	GlobalSection(SolutionProperties) = preSolution
		HideSolutionNode = FALSE
	EndGlobalSection
EndGlobal
